
Microsoft Visual Studio Solution File, Format Version 12.00
# Visual Studio Version 16
VisualStudioVersion = 16.0.31729.503
MinimumVisualStudioVersion = 10.0.40219.1
Project("{FAE04EC0-301F-11D3-BF4B-00C04F79EFBC}") = "PokePlayer", "PokePlayer\PokePlayer.csproj", "{83AEEA1F-C9CC-40F7-B9E6-35FE7C72E8A9}"
EndProject
Project("{9A19103F-16F7-4668-BE54-9A1E7A4F7556}") = "Pokeplayer_Library", "..\Pokeplayer_Library\Pokeplayer_Library\Pokeplayer_Library.csproj", "{39A6D3B6-652F-4354-A949-9C9989BC9E24}"
EndProject
Global
	GlobalSection(SolutionConfigurationPlatforms) = preSolution
		Debug|Any CPU = Debug|Any CPU
		Release|Any CPU = Release|Any CPU
	EndGlobalSection
	GlobalSection(ProjectConfigurationPlatforms) = postSolution
		{83AEEA1F-C9CC-40F7-B9E6-35FE7C72E8A9}.Debug|Any CPU.ActiveCfg = Debug|Any CPU
		{83AEEA1F-C9CC-40F7-B9E6-35FE7C72E8A9}.Debug|Any CPU.Build.0 = Debug|Any CPU
		{83AEEA1F-C9CC-40F7-B9E6-35FE7C72E8A9}.Release|Any CPU.ActiveCfg = Release|Any CPU
		{83AEEA1F-C9CC-40F7-B9E6-35FE7C72E8A9}.Release|Any CPU.Build.0 = Release|Any CPU
		{39A6D3B6-652F-4354-A949-9C9989BC9E24}.Debug|Any CPU.ActiveCfg = Debug|Any CPU
		{39A6D3B6-652F-4354-A949-9C9989BC9E24}.Debug|Any CPU.Build.0 = Debug|Any CPU
		{39A6D3B6-652F-4354-A949-9C9989BC9E24}.Release|Any CPU.ActiveCfg = Release|Any CPU
		{39A6D3B6-652F-4354-A949-9C9989BC9E24}.Release|Any CPU.Build.0 = Release|Any CPU
	EndGlobalSection
	GlobalSection(SolutionProperties) = preSolution
		HideSolutionNode = FALSE
	EndGlobalSection
	GlobalSection(ExtensibilityGlobals) = postSolution
		SolutionGuid = {38858D1B-E998-48D7-9695-AEA8E9682D66}
	EndGlobalSection
EndGlobal
